
Microsoft Visual Studio Solution File, Format Version 12.00
# Visual Studio Version 16
VisualStudioVersion = 16.0.31515.178
MinimumVisualStudioVersion = 10.0.40219.1
Project("{FAE04EC0-301F-11D3-BF4B-00C04F79EFBC}") = "FuncionalBank", "FuncionalBank.csproj", "{8A70AD57-C1EF-40A6-B054-547AE172B391}"
EndProject
Global
	GlobalSection(SolutionConfigurationPlatforms) = preSolution
		Debug|Any CPU = Debug|Any CPU
		Release|Any CPU = Release|Any CPU
	EndGlobalSection
	GlobalSection(ProjectConfigurationPlatforms) = postSolution
		{8A70AD57-C1EF-40A6-B054-547AE172B391}.Debug|Any CPU.ActiveCfg = Debug|Any CPU
		{8A70AD57-C1EF-40A6-B054-547AE172B391}.Debug|Any CPU.Build.0 = Debug|Any CPU
		{8A70AD57-C1EF-40A6-B054-547AE172B391}.Release|Any CPU.ActiveCfg = Release|Any CPU
		{8A70AD57-C1EF-40A6-B054-547AE172B391}.Release|Any CPU.Build.0 = Release|Any CPU
	EndGlobalSection
	GlobalSection(SolutionProperties) = preSolution
		HideSolutionNode = FALSE
	EndGlobalSection
	GlobalSection(ExtensibilityGlobals) = postSolution
		SolutionGuid = {7CB6FBD1-C60A-4EB4-8BD0-8ECC27F988EB}
	EndGlobalSection
EndGlobal
